{
    "_readme": [
        "This file locks the dependencies of your project to a known state",
        "Read more about it at https://getcomposer.org/doc/01-basic-usage.md#composer-lock-the-lock-file",
        "This file is @generated automatically"
    ],
    "hash": "fb2c0b96e4fc0f8ba3171dc8b7c47f81",
    "packages": [
        {
            "name": "dxw/cidr",
            "version": "dev-master",
            "source": {
                "type": "git",
                "url": "https://github.com/dxw/cidr.git",
                "reference": "30a5741741f7adb9d945abdcc6f7f3665fcb608c"
            },
            "dist": {
                "type": "zip",
                "url": "https://api.github.com/repos/dxw/cidr/zipball/30a5741741f7adb9d945abdcc6f7f3665fcb608c",
                "reference": "30a5741741f7adb9d945abdcc6f7f3665fcb608c",
                "shasum": ""
            },
            "type": "library",
            "autoload": {
                "psr-0": {
                    "CIDR": "src/"
                }
            },
            "notification-url": "https://packagist.org/downloads/",
            "authors": [
                {
                    "name": "Tom Adams",
                    "email": "tom@dxw.com",
                    "homepage": "http://dxw.com"
                }
            ],
            "description": "CIDR functions",
            "homepage": "https://github.com/dxw/cidr",
            "time": "2015-05-14 20:54:30"
        },
        {
            "name": "dxw/php-missing",
            "version": "dev-master",
            "source": {
                "type": "git",
                "url": "https://github.com/dxw/php-missing.git",
                "reference": "ff60201e34bf14915a991b11c1a2c791758714dc"
            },
            "dist": {
                "type": "zip",
                "url": "https://api.github.com/repos/dxw/php-missing/zipball/ff60201e34bf14915a991b11c1a2c791758714dc",
                "reference": "ff60201e34bf14915a991b11c1a2c791758714dc",
                "shasum": ""
            },
            "type": "library",
            "autoload": {
                "psr-0": {
                    "Missing": "src/"
                }
            },
            "notification-url": "https://packagist.org/downloads/",
            "license": [
                "MIT"
            ],
            "authors": [
                {
                    "name": "Tom Adams",
                    "email": "tom@dxw.com",
                    "homepage": "http://dxw.com"
                }
            ],
            "description": "The stdlib you wish PHP had",
            "homepage": "https://github.com/dxw/php-missing",
            "time": "2014-08-22 17:56:39"
        }
    ],
    "packages-dev": [],
    "aliases": [],
    "minimum-stability": "stable",
    "stability-flags": {
        "dxw/cidr": 20,
        "dxw/php-missing": 20
    },
    "prefer-stable": false,
    "prefer-lowest": false,
    "platform": [],
    "platform-dev": []
}
